PODS:
  - google-cast-sdk (4.3.3):
    - google-cast-sdk/Core (= 4.3.3)
    - Protobuf (~> 3.0)
  - google-cast-sdk/Core (4.3.3):
    - Protobuf (~> 3.0)
  - Protobuf (3.9.0)
  - ZappGeneralPluginsSDK (8.0.0):
    - ZappPlugins
  - ZappPlugins (9.1.2)

DEPENDENCIES:
  - google-cast-sdk (= 4.3.3)
  - ZappGeneralPluginsSDK
  - ZappPlugins

SPEC REPOS:
  "git@github.com:applicaster/CocoaPods-Private.git":
    - ZappGeneralPluginsSDK
  "git@github.com:applicaster/CocoaPods.git":
    - ZappPlugins
  https://github.com/cocoapods/specs.git:
    - google-cast-sdk
    - Protobuf

SPEC CHECKSUMS:
  google-cast-sdk: 792980f4fa5afd4f9b91f41d582cc75251648f3a
  Protobuf: 1097ca58584c8d9be81bfbf2c5ff5975648dd87a
  ZappGeneralPluginsSDK: 9cc5c28ae62122c802cd63e4020208e0ebe735fa
  ZappPlugins: e17c25bda182ffae986d0ce3a68074f2b12ceb19

PODFILE CHECKSUM: b837c5a981d3615c5b3b1ffdf1f6576a599af504

COCOAPODS: 1.5.3
